
Microsoft Visual Studio Solution File, Format Version 12.00
# Visual Studio Version 17
VisualStudioVersion = 17.13.35828.75 d17.13
MinimumVisualStudioVersion = 10.0.40219.1
Project("{FAE04EC0-301F-11D3-BF4B-00C04F79EFBC}") = "material design", "material design\material design.csproj", "{FB49DE8D-174F-4F68-B12F-DBE7CFCC861B}"
EndProject
Global
	GlobalSection(SolutionConfigurationPlatforms) = preSolution
		Debug|Any CPU = Debug|Any CPU
		Release|Any CPU = Release|Any CPU
	EndGlobalSection
	GlobalSection(ProjectConfigurationPlatforms) = postSolution
		{FB49DE8D-174F-4F68-B12F-DBE7CFCC861B}.Debug|Any CPU.ActiveCfg = Debug|Any CPU
		{FB49DE8D-174F-4F68-B12F-DBE7CFCC861B}.Debug|Any CPU.Build.0 = Debug|Any CPU
		{FB49DE8D-174F-4F68-B12F-DBE7CFCC861B}.Release|Any CPU.ActiveCfg = Release|Any CPU
		{FB49DE8D-174F-4F68-B12F-DBE7CFCC861B}.Release|Any CPU.Build.0 = Release|Any CPU
	EndGlobalSection
	GlobalSection(SolutionProperties) = preSolution
		HideSolutionNode = FALSE
	EndGlobalSection
	GlobalSection(ExtensibilityGlobals) = postSolution
		SolutionGuid = {5E61C924-2E36-4DA1-8763-50645627DF1E}
	EndGlobalSection
EndGlobal
